
Microsoft Visual Studio Solution File, Format Version 12.00
# Visual Studio Version 17
VisualStudioVersion = 17.11.35312.102
MinimumVisualStudioVersion = 10.0.40219.1
Project("{FAE04EC0-301F-11D3-BF4B-00C04F79EFBC}") = "07.03_KV", "07.03_KV\07.03_KV.csproj", "{36C0F462-48D9-4567-B002-238B9DE4B9EF}"
EndProject
Global
	GlobalSection(SolutionConfigurationPlatforms) = preSolution
		Debug|Any CPU = Debug|Any CPU
		Release|Any CPU = Release|Any CPU
	EndGlobalSection
	GlobalSection(ProjectConfigurationPlatforms) = postSolution
		{36C0F462-48D9-4567-B002-238B9DE4B9EF}.Debug|Any CPU.ActiveCfg = Debug|Any CPU
		{36C0F462-48D9-4567-B002-238B9DE4B9EF}.Debug|Any CPU.Build.0 = Debug|Any CPU
		{36C0F462-48D9-4567-B002-238B9DE4B9EF}.Release|Any CPU.ActiveCfg = Release|Any CPU
		{36C0F462-48D9-4567-B002-238B9DE4B9EF}.Release|Any CPU.Build.0 = Release|Any CPU
	EndGlobalSection
	GlobalSection(SolutionProperties) = preSolution
		HideSolutionNode = FALSE
	EndGlobalSection
	GlobalSection(ExtensibilityGlobals) = postSolution
		SolutionGuid = {2D3E324B-99F9-40BE-8760-30C1B1CF43A4}
	EndGlobalSection
EndGlobal
